# THIS IS AN AUTOGENERATED FILE. DO NOT EDIT THIS FILE DIRECTLY.
# yarn lockfile v1


"@next/env@13.4.4":
  version "13.4.4"
  resolved "https://registry.yarnpkg.com/@next/env/-/env-13.4.4.tgz#46b620f6bef97fe67a1566bf570dbb791d40c50a"
  integrity sha512-q/y7VZj/9YpgzDe64Zi6rY1xPizx80JjlU2BTevlajtaE3w1LqweH1gGgxou2N7hdFosXHjGrI4OUvtFXXhGLg==

"@next/swc-darwin-arm64@13.4.4":
  version "13.4.4"
  resolved "https://registry.yarnpkg.com/@next/swc-darwin-arm64/-/swc-darwin-arm64-13.4.4.tgz#8c14083c2478e2a9a8d140cce5900f76b75667ff"
  integrity sha512-xfjgXvp4KalNUKZMHmsFxr1Ug+aGmmO6NWP0uoh4G3WFqP/mJ1xxfww0gMOeMeSq/Jyr5k7DvoZ2Pv+XOITTtw==

"@next/swc-darwin-x64@13.4.4":
  version "13.4.4"
  resolved "https://registry.yarnpkg.com/@next/swc-darwin-x64/-/swc-darwin-x64-13.4.4.tgz#5fe01c65c80fcb833c8789fd70f074ea99893864"
  integrity sha512-ZY9Ti1hkIwJsxGus3nlubIkvYyB0gNOYxKrfsOrLEqD0I2iCX8D7w8v6QQZ2H+dDl6UT29oeEUdDUNGk4UEpfg==

"@next/swc-linux-arm64-gnu@13.4.4":
  version "13.4.4"
  resolved "https://registry.yarnpkg.com/@next/swc-linux-arm64-gnu/-/swc-linux-arm64-gnu-13.4.4.tgz#f2e071f38e8a6cdadf507cc5d28956f73360d064"
  integrity sha512-+KZnDeMShYkpkqAvGCEDeqYTRADJXc6SY1jWXz+Uo6qWQO/Jd9CoyhTJwRSxvQA16MoYzvILkGaDqirkRNctyA==

"@next/swc-linux-arm64-musl@13.4.4":
  version "13.4.4"
  resolved "https://registry.yarnpkg.com/@next/swc-linux-arm64-musl/-/swc-linux-arm64-musl-13.4.4.tgz#23bf75c544e54562bc24ec1be036e4bd9cf89e2c"
  integrity sha512-evC1twrny2XDT4uOftoubZvW3EG0zs0ZxMwEtu/dDGVRO5n5pT48S8qqEIBGBUZYu/Xx4zzpOkIxx1vpWdE+9A==

"@next/swc-linux-x64-gnu@13.4.4":
  version "13.4.4"
  resolved "https://registry.yarnpkg.com/@next/swc-linux-x64-gnu/-/swc-linux-x64-gnu-13.4.4.tgz#bd42590950a01957952206f89cf5622e7c9e4196"
  integrity sha512-PX706XcCHr2FfkyhP2lpf+pX/tUvq6/ke7JYnnr0ykNdEMo+sb7cC/o91gnURh4sPYSiZJhsF2gbIqg9rciOHQ==

"@next/swc-linux-x64-musl@13.4.4":
  version "13.4.4"
  resolved "https://registry.yarnpkg.com/@next/swc-linux-x64-musl/-/swc-linux-x64-musl-13.4.4.tgz#907d81feb1abec3daec0ecb61e3f39b56e7aeafe"
  integrity sha512-TKUUx3Ftd95JlHV6XagEnqpT204Y+IsEa3awaYIjayn0MOGjgKZMZibqarK3B1FsMSPaieJf2FEAcu9z0yT5aA==

"@next/swc-win32-arm64-msvc@13.4.4":
  version "13.4.4"
  resolved "https://registry.yarnpkg.com/@next/swc-win32-arm64-msvc/-/swc-win32-arm64-msvc-13.4.4.tgz#1d754d2bb10bdf9907c0acc83711438697c3b5fe"
  integrity sha512-FP8AadgSq4+HPtim7WBkCMGbhr5vh9FePXiWx9+YOdjwdQocwoCK5ZVC3OW8oh3TWth6iJ0AXJ/yQ1q1cwSZ3A==

"@next/swc-win32-ia32-msvc@13.4.4":
  version "13.4.4"
  resolved "https://registry.yarnpkg.com/@next/swc-win32-ia32-msvc/-/swc-win32-ia32-msvc-13.4.4.tgz#77b2c7f7534b675d46e46301869e08d504d23956"
  integrity sha512-3WekVmtuA2MCdcAOrgrI+PuFiFURtSyyrN1I3UPtS0ckR2HtLqyqmS334Eulf15g1/bdwMteePdK363X/Y9JMg==

"@next/swc-win32-x64-msvc@13.4.4":
  version "13.4.4"
  resolved "https://registry.yarnpkg.com/@next/swc-win32-x64-msvc/-/swc-win32-x64-msvc-13.4.4.tgz#faab69239f8a9d0be7cd473e65f5a07735ef7b0e"
  integrity sha512-AHRITu/CrlQ+qzoqQtEMfaTu7GHaQ6bziQln/pVWpOYC1wU+Mq6VQQFlsDtMCnDztPZtppAXdvvbNS7pcfRzlw==

"@supabase/functions-js@^2.1.0":
  version "2.1.1"
  resolved "https://registry.yarnpkg.com/@supabase/functions-js/-/functions-js-2.1.1.tgz#31eb64734d59e6da84927e6f50f627ad5e03c519"
  integrity sha512-bIR1Puae6W+1/MzPfYBWOG/SCWGo4B5CB7c0ZZksvliNEAzhxNBJ0UFKYINcGdGtxG8ZC+1xr3utWpNZNwnoRw==
  dependencies:
    cross-fetch "^3.1.5"

"@supabase/gotrue-js@^2.26.0":
  version "2.28.1"
  resolved "https://registry.yarnpkg.com/@supabase/gotrue-js/-/gotrue-js-2.28.1.tgz#18a7c6ebe135001177fd6cae6e633c575f2b6629"
  integrity sha512-i2IR8IRDhcrWfBjC7o5T0F8liOA1X6+moqCam6F5pIURI5PM+087hH+tDZ9dKu0AqAFgT0TpLmWK82fKWQlkfg==
  dependencies:
    cross-fetch "^3.1.5"

"@supabase/postgrest-js@^1.7.0":
  version "1.7.0"
  resolved "https://registry.yarnpkg.com/@supabase/postgrest-js/-/postgrest-js-1.7.0.tgz#69ffb605d083d4761d9c30075c04b10e32cc7fd0"
  integrity sha512-wLADHZ5jm7LljF4GigK0H2vc1wGupBY2hGYfb4fVo0UuyMftmA6tOYy+ZpMH/vPq01CUFwXGwvIke6kyqh/QDg==
  dependencies:
    cross-fetch "^3.1.5"

"@supabase/realtime-js@^2.7.2":
  version "2.7.2"
  resolved "https://registry.yarnpkg.com/@supabase/realtime-js/-/realtime-js-2.7.2.tgz#700f89b67277912ead5262b4519781b5d8fd1ca7"
  integrity sha512-Fi6xAl5PUkqnjl3wo4rdcQIbMG3+yTRX1aUZe/yfvTG84RMvmCXJ1yN6MmafVLeZpU1xkaz5Vx4L0tnHcLiy6w==
  dependencies:
    "@types/phoenix" "^1.5.4"
    "@types/websocket" "^1.0.3"
    websocket "^1.0.34"

"@supabase/storage-js@^2.5.1":
  version "2.5.1"
  resolved "https://registry.yarnpkg.com/@supabase/storage-js/-/storage-js-2.5.1.tgz#16c4c088996e0395034717836e626f14df63a349"
  integrity sha512-nkR0fQA9ScAtIKA3vNoPEqbZv1k5B5HVRYEvRWdlP6mUpFphM9TwPL2jZ/ztNGMTG5xT6SrHr+H7Ykz8qzbhjw==
  dependencies:
    cross-fetch "^3.1.5"

"@supabase/supabase-js@^2.24.0":
  version "2.24.0"
  resolved "https://registry.yarnpkg.com/@supabase/supabase-js/-/supabase-js-2.24.0.tgz#6bb0ef18c678112caaf793c466a8f21c24c03820"
  integrity sha512-zrAm+hp6DBICqZ7xVPk+KofmlfjJWQzXuf2sHAyPz8XVjpha84z2OVWcow2aI10YkMOrPwhRtBBQYJOnh/fx2w==
  dependencies:
    "@supabase/functions-js" "^2.1.0"
    "@supabase/gotrue-js" "^2.26.0"
    "@supabase/postgrest-js" "^1.7.0"
    "@supabase/realtime-js" "^2.7.2"
    "@supabase/storage-js" "^2.5.1"
    cross-fetch "^3.1.5"

"@swc/helpers@0.5.1":
  version "0.5.1"
  resolved "https://registry.yarnpkg.com/@swc/helpers/-/helpers-0.5.1.tgz#e9031491aa3f26bfcc974a67f48bd456c8a5357a"
  integrity sha512-sJ902EfIzn1Fa+qYmjdQqh8tPsoxyBz+8yBKC2HKUxyezKJFwPGOn7pv4WY6QuQW//ySQi5lJjA/ZT9sNWWNTg==
  dependencies:
    tslib "^2.4.0"

"@types/cookie@^0.4.1":
  version "0.4.1"
  resolved "https://registry.yarnpkg.com/@types/cookie/-/cookie-0.4.1.tgz#bfd02c1f2224567676c1545199f87c3a861d878d"
  integrity sha512-XW/Aa8APYr6jSVVA1y/DEIZX0/GMKLEVekNG727R8cs56ahETkRAy/3DR7+fJyh7oUgGwNQaRfXCun0+KbWY7Q==

"@types/crypto-js@^4.1.1":
  version "4.1.1"
  resolved "https://registry.yarnpkg.com/@types/crypto-js/-/crypto-js-4.1.1.tgz#602859584cecc91894eb23a4892f38cfa927890d"
  integrity sha512-BG7fQKZ689HIoc5h+6D2Dgq1fABRa0RbBWKBd9SP/MVRVXROflpm5fhwyATX5duFmbStzyzyycPB8qUYKDH3NA==

"@types/debug@^4.0.0":
  version "4.1.9"
  resolved "https://registry.yarnpkg.com/@types/debug/-/debug-4.1.9.tgz#906996938bc672aaf2fb8c0d3733ae1dda05b005"
  integrity sha512-8Hz50m2eoS56ldRlepxSBa6PWEVCtzUo/92HgLc2qTMnotJNIm7xP+UZhyWoYsyOdd5dxZ+NZLb24rsKyFs2ow==
  dependencies:
    "@types/ms" "*"

"@types/hast@^3.0.0":
  version "3.0.1"
  resolved "https://registry.yarnpkg.com/@types/hast/-/hast-3.0.1.tgz#e1705ec9258ac4885659c2d50bac06b4fcd16466"
  integrity sha512-hs/iBJx2aydugBQx5ETV3ZgeSS0oIreQrFJ4bjBl0XvM4wAmDjFEALY7p0rTSLt2eL+ibjRAAs9dTPiCLtmbqQ==
  dependencies:
    "@types/unist" "*"

"@types/mdast@^4.0.0":
  version "4.0.1"
  resolved "https://registry.yarnpkg.com/@types/mdast/-/mdast-4.0.1.tgz#9c45e60a04e79f160dcefe6545d28ae536a6ed22"
  integrity sha512-IlKct1rUTJ1T81d8OHzyop15kGv9A/ff7Gz7IJgrk6jDb4Udw77pCJ+vq8oxZf4Ghpm+616+i1s/LNg/Vh7d+g==
  dependencies:
    "@types/unist" "*"

"@types/ms@*":
  version "0.7.32"
  resolved "https://registry.yarnpkg.com/@types/ms/-/ms-0.7.32.tgz#f6cd08939ae3ad886fcc92ef7f0109dacddf61ab"
  integrity sha512-xPSg0jm4mqgEkNhowKgZFBNtwoEwF6gJ4Dhww+GFpm3IgtNseHQZ5IqdNwnquZEoANxyDAKDRAdVo4Z72VvD/g==

"@types/node@*", "@types/node@20.2.5":
  version "20.2.5"
  resolved "https://registry.yarnpkg.com/@types/node/-/node-20.2.5.tgz#26d295f3570323b2837d322180dfbf1ba156fefb"
  integrity sha512-JJulVEQXmiY9Px5axXHeYGLSjhkZEnD+MDPDGbCbIAbMslkKwmygtZFy1X6s/075Yo94sf8GuSlFfPzysQrWZQ==

"@types/node@^16.10.2":
  version "16.18.34"
  resolved "https://registry.yarnpkg.com/@types/node/-/node-16.18.34.tgz#62d2099b30339dec4b1b04a14c96266459d7c8b2"
  integrity sha512-VmVm7gXwhkUimRfBwVI1CHhwp86jDWR04B5FGebMMyxV90SlCmFujwUHrxTD4oO+SOYU86SoxvhgeRQJY7iXFg==

"@types/phoenix@^1.5.4":
  version "1.6.0"
  resolved "https://registry.yarnpkg.com/@types/phoenix/-/phoenix-1.6.0.tgz#eb7536259ee695646e75c4c7b0c9a857ea174781"
  integrity sha512-qwfpsHmFuhAS/dVd4uBIraMxRd56vwBUYQGZ6GpXnFuM2XMRFJbIyruFKKlW2daQliuYZwe0qfn/UjFCDKic5g==

"@types/prop-types@*":
  version "15.7.5"
  resolved "https://registry.yarnpkg.com/@types/prop-types/-/prop-types-15.7.5.tgz#5f19d2b85a98e9558036f6a3cacc8819420f05cf"
  integrity sha512-JCB8C6SnDoQf0cNycqd/35A7MjcnK+ZTqE7judS6o7utxUCg6imJg3QK2qzHKszlTjcj2cn+NwMB2i96ubpj7w==

"@types/react-dom@18.2.4":
  version "18.2.4"
  resolved "https://registry.yarnpkg.com/@types/react-dom/-/react-dom-18.2.4.tgz#13f25bfbf4e404d26f62ac6e406591451acba9e0"
  integrity sha512-G2mHoTMTL4yoydITgOGwWdWMVd8sNgyEP85xVmMKAPUBwQWm9wBPQUmvbeF4V3WBY1P7mmL4BkjQ0SqUpf1snw==
  dependencies:
    "@types/react" "*"

"@types/react@*", "@types/react@18.2.8":
  version "18.2.8"
  resolved "https://registry.yarnpkg.com/@types/react/-/react-18.2.8.tgz#a77dcffe4e9af148ca4aa8000c51a1e8ed99e2c8"
  integrity sha512-lTyWUNrd8ntVkqycEEplasWy2OxNlShj3zqS0LuB1ENUGis5HodmhM7DtCoUGbxj3VW/WsGA0DUhpG6XrM7gPA==
  dependencies:
    "@types/prop-types" "*"
    "@types/scheduler" "*"
    csstype "^3.0.2"

"@types/scheduler@*":
  version "0.16.3"
  resolved "https://registry.yarnpkg.com/@types/scheduler/-/scheduler-0.16.3.tgz#cef09e3ec9af1d63d2a6cc5b383a737e24e6dcf5"
  integrity sha512-5cJ8CB4yAx7BH1oMvdU0Jh9lrEXyPkar6F9G/ERswkCuvP4KQZfZkSjcMbAICCpQTN4OuZn8tz0HiKv9TGZgrQ==

"@types/unist@*", "@types/unist@^3.0.0":
  version "3.0.0"
  resolved "https://registry.yarnpkg.com/@types/unist/-/unist-3.0.0.tgz#988ae8af1e5239e89f9fbb1ade4c935f4eeedf9a"
  integrity sha512-MFETx3tbTjE7Uk6vvnWINA/1iJ7LuMdO4fcq8UfF0pRbj01aGLduVvQcRyswuACJdpnHgg8E3rQLhaRdNEJS0w==

"@types/websocket@^1.0.3":
  version "1.0.5"
  resolved "https://registry.yarnpkg.com/@types/websocket/-/websocket-1.0.5.tgz#3fb80ed8e07f88e51961211cd3682a3a4a81569c"
  integrity sha512-NbsqiNX9CnEfC1Z0Vf4mE1SgAJ07JnRYcNex7AJ9zAVzmiGHmjKFEk7O4TJIsgv2B1sLEb6owKFZrACwdYngsQ==
  dependencies:
    "@types/node" "*"

"@ungap/structured-clone@^1.0.0":
  version "1.2.0"
  resolved "https://registry.yarnpkg.com/@ungap/structured-clone/-/structured-clone-1.2.0.tgz#756641adb587851b5ccb3e095daf27ae581c8406"
  integrity sha512-zuVdFrMJiuCDQUMCzQaD6KL28MjnqqN8XnAqiEq9PNm/hCPTSGfrXCOfwj1ow4LFb/tNymJPwsNbVePc1xFqrQ==

bail@^2.0.0:
  version "2.0.2"
  resolved "https://registry.yarnpkg.com/bail/-/bail-2.0.2.tgz#d26f5cd8fe5d6f832a31517b9f7c356040ba6d5d"
  integrity sha512-0xO6mYd7JB2YesxDKplafRpsiOzPt9V02ddPCLbY1xYGPOX24NTyN50qnUxgCPcSoYMhKpAuBTjQoRZCAkUDRw==

bufferutil@^4.0.1:
  version "4.0.7"
  resolved "https://registry.yarnpkg.com/bufferutil/-/bufferutil-4.0.7.tgz#60c0d19ba2c992dd8273d3f73772ffc894c153ad"
  integrity sha512-kukuqc39WOHtdxtw4UScxF/WVnMFVSQVKhtx3AjZJzhd0RGZZldcrfSEbVsWWe6KNH253574cq5F+wpv0G9pJw==
  dependencies:
    node-gyp-build "^4.3.0"

busboy@1.6.0:
  version "1.6.0"
  resolved "https://registry.yarnpkg.com/busboy/-/busboy-1.6.0.tgz#966ea36a9502e43cdb9146962523b92f531f6893"
  integrity sha512-8SFQbg/0hQ9xy3UNTB0YEnsNBbWfhf7RtnzpL7TkBiTBRfrQ9Fxcnz7VJsleJpyp6rVLvXiuORqjlHi5q+PYuA==
  dependencies:
    streamsearch "^1.1.0"

caniuse-lite@^1.0.30001406:
  version "1.0.30001494"
  resolved "https://registry.yarnpkg.com/caniuse-lite/-/caniuse-lite-1.0.30001494.tgz#3e56e04a48da7a79eae994559eb1ec02aaac862f"
  integrity sha512-sY2B5Qyl46ZzfYDegrl8GBCzdawSLT4ThM9b9F+aDYUrAG2zCOyMbd2Tq34mS1g4ZKBfjRlzOohQMxx28x6wJg==

character-entities@^2.0.0:
  version "2.0.2"
  resolved "https://registry.yarnpkg.com/character-entities/-/character-entities-2.0.2.tgz#2d09c2e72cd9523076ccb21157dff66ad43fcc22"
  integrity sha512-shx7oQ0Awen/BRIdkjkvz54PnEEI/EjwXDSIZp86/KKdbafHh1Df/RYGBhn4hbe2+uKC9FnT5UCEdyPz3ai9hQ==

client-only@0.0.1:
  version "0.0.1"
  resolved "https://registry.yarnpkg.com/client-only/-/client-only-0.0.1.tgz#38bba5d403c41ab150bff64a95c85013cf73bca1"
  integrity sha512-IV3Ou0jSMzZrd3pZ48nLkT9DA7Ag1pnPzaiQhpW7c3RbcqqzvzzVu+L8gfqMp/8IM2MQtSiqaCxrrcfu8I8rMA==

comma-separated-tokens@^2.0.0:
  version "2.0.3"
  resolved "https://registry.yarnpkg.com/comma-separated-tokens/-/comma-separated-tokens-2.0.3.tgz#4e89c9458acb61bc8fef19f4529973b2392839ee"
  integrity sha512-Fu4hJdvzeylCfQPp9SGWidpzrMs7tTrlu6Vb8XGaRGck8QSNZJJp538Wrb60Lax4fPwR64ViY468OIUTbRlGZg==

cookie@^0.4.0:
  version "0.4.2"
  resolved "https://registry.yarnpkg.com/cookie/-/cookie-0.4.2.tgz#0e41f24de5ecf317947c82fc789e06a884824432"
  integrity sha512-aSWTXFzaKWkvHO1Ny/s+ePFpvKsPnjc551iI41v3ny/ow6tBG5Vd+FuqGNhh1LxOmVzOlGUriIlOaokOvhaStA==

cookies-next@^2.1.1:
  version "2.1.1"
  resolved "https://registry.yarnpkg.com/cookies-next/-/cookies-next-2.1.1.tgz#8d82f1b78fccfb19d9d7c26766fa5707a3ec4695"
  integrity sha512-AZGZPdL1hU3jCjN2UMJTGhLOYzNUN9Gm+v8BdptYIHUdwz397Et1p+sZRfvAl8pKnnmMdX2Pk9xDRKCGBum6GA==
  dependencies:
    "@types/cookie" "^0.4.1"
    "@types/node" "^16.10.2"
    cookie "^0.4.0"

cross-fetch@^3.1.5:
  version "3.1.6"
  resolved "https://registry.yarnpkg.com/cross-fetch/-/cross-fetch-3.1.6.tgz#bae05aa31a4da760969756318feeee6e70f15d6c"
  integrity sha512-riRvo06crlE8HiqOwIpQhxwdOk4fOeR7FVM/wXoxchFEqMNUjvbs3bfo4OTgMEMHzppd4DxFBDbyySj8Cv781g==
  dependencies:
    node-fetch "^2.6.11"

crypto-js@^4.1.1:
  version "4.1.1"
  resolved "https://registry.yarnpkg.com/crypto-js/-/crypto-js-4.1.1.tgz#9e485bcf03521041bd85844786b83fb7619736cf"
  integrity sha512-o2JlM7ydqd3Qk9CA0L4NL6mTzU2sdx96a+oOfPu8Mkl/PK51vSyoi8/rQ8NknZtk44vq15lmhAj9CIAGwgeWKw==

csstype@^3.0.2:
  version "3.1.2"
  resolved "https://registry.yarnpkg.com/csstype/-/csstype-3.1.2.tgz#1d4bf9d572f11c14031f0436e1c10bc1f571f50b"
  integrity sha512-I7K1Uu0MBPzaFKg4nI5Q7Vs2t+3gWWW648spaF+Rg7pI9ds18Ugn+lvg4SHczUdKlHI5LWBXyqfS8+DufyBsgQ==

d@1, d@^1.0.1:
  version "1.0.1"
  resolved "https://registry.yarnpkg.com/d/-/d-1.0.1.tgz#8698095372d58dbee346ffd0c7093f99f8f9eb5a"
  integrity sha512-m62ShEObQ39CfralilEQRjH6oAMtNCV1xJyEx5LpRYUVN+EviphDgUc/F3hnYbADmkiNs67Y+3ylmlG7Lnu+FA==
  dependencies:
    es5-ext "^0.10.50"
    type "^1.0.1"

debug@^2.2.0:
  version "2.6.9"
  resolved "https://registry.yarnpkg.com/debug/-/debug-2.6.9.tgz#5d128515df134ff327e90a4c93f4e077a536341f"
  integrity sha512-bC7ElrdJaJnPbAP+1EotYvqZsb3ecl5wi6Bfi6BJTUcNowp6cvspg0jXznRTKDjm/E7AdgFBVeAPVMNcKGsHMA==
  dependencies:
    ms "2.0.0"

debug@^4.0.0:
  version "4.3.4"
  resolved "https://registry.yarnpkg.com/debug/-/debug-4.3.4.tgz#1319f6579357f2338d3337d2cdd4914bb5dcc865"
  integrity sha512-PRWFHuSU3eDtQJPvnNY7Jcket1j0t5OuOsFzPPzsekD52Zl8qUfFIPEiswXqIvHWGVHOgX+7G/vCNNhehwxfkQ==
  dependencies:
    ms "2.1.2"

decode-named-character-reference@^1.0.0:
  version "1.0.2"
  resolved "https://registry.yarnpkg.com/decode-named-character-reference/-/decode-named-character-reference-1.0.2.tgz#daabac9690874c394c81e4162a0304b35d824f0e"
  integrity sha512-O8x12RzrUF8xyVcY0KJowWsmaJxQbmy0/EtnNtHRpsOcT7dFk5W598coHqBVpmWo1oQQfsCqfCmkZN5DJrZVdg==
  dependencies:
    character-entities "^2.0.0"

dedent@^1.5.1:
  version "1.5.1"
  resolved "https://registry.yarnpkg.com/dedent/-/dedent-1.5.1.tgz#4f3fc94c8b711e9bb2800d185cd6ad20f2a90aff"
  integrity sha512-+LxW+KLWxu3HW3M2w2ympwtqPrqYRzU8fqi6Fhd18fBALe15blJPI/I4+UHveMVG6lJqB4JNd4UG0S5cnVHwIg==

dequal@^2.0.0:
  version "2.0.3"
  resolved "https://registry.yarnpkg.com/dequal/-/dequal-2.0.3.tgz#2644214f1997d39ed0ee0ece72335490a7ac67be"
  integrity sha512-0je+qPKHEMohvfRTCEo3CrPG6cAzAYgmzKyxRiYSSDkS6eGJdyVJm7WaYA5ECaAD9wLB2T4EEeymA5aFVcYXCA==

devlop@^1.0.0:
  version "1.1.0"
  resolved "https://registry.yarnpkg.com/devlop/-/devlop-1.1.0.tgz#4db7c2ca4dc6e0e834c30be70c94bbc976dc7018"
  integrity sha512-RWmIqhcFf1lRYBvNmr7qTNuyCt/7/ns2jbpp1+PalgE/rDQcBT0fioSMUpJ93irlUhC5hrg4cYqe6U+0ImW0rA==
  dependencies:
    dequal "^2.0.0"

es5-ext@^0.10.35, es5-ext@^0.10.50:
  version "0.10.62"
  resolved "https://registry.yarnpkg.com/es5-ext/-/es5-ext-0.10.62.tgz#5e6adc19a6da524bf3d1e02bbc8960e5eb49a9a5"
  integrity sha512-BHLqn0klhEpnOKSrzn/Xsz2UIW8j+cGmo9JLzr8BiUapV8hPL9+FliFqjwr9ngW7jWdnxv6eO+/LqyhJVqgrjA==
  dependencies:
    es6-iterator "^2.0.3"
    es6-symbol "^3.1.3"
    next-tick "^1.1.0"

es6-iterator@^2.0.3:
  version "2.0.3"
  resolved "https://registry.yarnpkg.com/es6-iterator/-/es6-iterator-2.0.3.tgz#a7de889141a05a94b0854403b2d0a0fbfa98f3b7"
  integrity sha512-zw4SRzoUkd+cl+ZoE15A9o1oQd920Bb0iOJMQkQhl3jNc03YqVjAhG7scf9C5KWRU/R13Orf588uCC6525o02g==
  dependencies:
    d "1"
    es5-ext "^0.10.35"
    es6-symbol "^3.1.1"

es6-symbol@^3.1.1, es6-symbol@^3.1.3:
  version "3.1.3"
  resolved "https://registry.yarnpkg.com/es6-symbol/-/es6-symbol-3.1.3.tgz#bad5d3c1bcdac28269f4cb331e431c78ac705d18"
  integrity sha512-NJ6Yn3FuDinBaBRWl/q5X/s4koRHBrgKAu+yGI6JCBeiu3qrcbJhwT2GeR/EXVfylRk8dpQVJoLEFhK+Mu31NA==
  dependencies:
    d "^1.0.1"
    ext "^1.1.2"

ext@^1.1.2:
  version "1.7.0"
  resolved "https://registry.yarnpkg.com/ext/-/ext-1.7.0.tgz#0ea4383c0103d60e70be99e9a7f11027a33c4f5f"
  integrity sha512-6hxeJYaL110a9b5TEJSj0gojyHQAmA2ch5Os+ySCiA1QGdS697XWY1pzsrSjqA9LDEEgdB/KypIlR59RcLuHYw==
  dependencies:
    type "^2.7.2"

extend@^3.0.0:
  version "3.0.2"
  resolved "https://registry.yarnpkg.com/extend/-/extend-3.0.2.tgz#f8b1136b4071fbd8eb140aff858b1019ec2915fa"
  integrity sha512-fjquC59cD7CyW6urNXK0FBufkZcoiGG80wTuPujX590cB5Ttln20E2UB4S/WARVqhXffZl2LNgS+gQdPIIim/g==

hast-util-to-jsx-runtime@^2.0.0:
  version "2.2.0"
  resolved "https://registry.yarnpkg.com/hast-util-to-jsx-runtime/-/hast-util-to-jsx-runtime-2.2.0.tgz#ffd59bfcf0eb8321c6ed511bfc4b399ac3404bc2"
  integrity sha512-wSlp23N45CMjDg/BPW8zvhEi3R+8eRE1qFbjEyAUzMCzu2l1Wzwakq+Tlia9nkCtEl5mDxa7nKHsvYJ6Gfn21A==
  dependencies:
    "@types/hast" "^3.0.0"
    "@types/unist" "^3.0.0"
    comma-separated-tokens "^2.0.0"
    hast-util-whitespace "^3.0.0"
    property-information "^6.0.0"
    space-separated-tokens "^2.0.0"
    style-to-object "^0.4.0"
    unist-util-position "^5.0.0"
    vfile-message "^4.0.0"

hast-util-whitespace@^3.0.0:
  version "3.0.0"
  resolved "https://registry.yarnpkg.com/hast-util-whitespace/-/hast-util-whitespace-3.0.0.tgz#7778ed9d3c92dd9e8c5c8f648a49c21fc51cb621"
  integrity sha512-88JUN06ipLwsnv+dVn+OIYOvAuvBMy/Qoi6O7mQHxdPXpjy+Cd6xRkWwux7DKO+4sYILtLBRIKgsdpS2gQc7qw==
  dependencies:
    "@types/hast" "^3.0.0"

html-url-attributes@^3.0.0:
  version "3.0.0"
  resolved "https://registry.yarnpkg.com/html-url-attributes/-/html-url-attributes-3.0.0.tgz#fc4abf0c3fb437e2329c678b80abb3c62cff6f08"
  integrity sha512-/sXbVCWayk6GDVg3ctOX6nxaVj7So40FcFAnWlWGNAB1LpYKcV5Cd10APjPjW80O7zYW2MsjBV4zZ7IZO5fVow==

inline-style-parser@0.1.1:
  version "0.1.1"
  resolved "https://registry.yarnpkg.com/inline-style-parser/-/inline-style-parser-0.1.1.tgz#ec8a3b429274e9c0a1f1c4ffa9453a7fef72cea1"
  integrity sha512-7NXolsK4CAS5+xvdj5OMMbI962hU/wvwoxk+LWR9Ek9bVtyuuYScDN6eS0rUm6TxApFpw7CX1o4uJzcd4AyD3Q==

is-plain-obj@^4.0.0:
  version "4.1.0"
  resolved "https://registry.yarnpkg.com/is-plain-obj/-/is-plain-obj-4.1.0.tgz#d65025edec3657ce032fd7db63c97883eaed71f0"
  integrity sha512-+Pgi+vMuUNkJyExiMBt5IlFoMyKnr5zhJ4Uspz58WOhBF5QoIZkFyNHIbBAtHwzVAgk5RtndVNsDRN61/mmDqg==

is-typedarray@^1.0.0:
  version "1.0.0"
  resolved "https://registry.yarnpkg.com/is-typedarray/-/is-typedarray-1.0.0.tgz#e479c80858df0c1b11ddda6940f96011fcda4a9a"
  integrity sha512-cyA56iCMHAh5CdzjJIa4aohJyeO1YbwLi3Jc35MmRU6poroFjIGZzUzupGiRPOjgHg9TLu43xbpwXk523fMxKA==

"js-tokens@^3.0.0 || ^4.0.0":
  version "4.0.0"
  resolved "https://registry.yarnpkg.com/js-tokens/-/js-tokens-4.0.0.tgz#19203fb59991df98e3a287050d4647cdeaf32499"
  integrity sha512-RdJUflcE3cUzKiMqQgsCu06FPu9UdIJO0beYbPhHN4k6apgJtifcoCtT9bcxOpYBtpD2kCM6Sbzg4CausW/PKQ==

loose-envify@^1.1.0:
  version "1.4.0"
  resolved "https://registry.yarnpkg.com/loose-envify/-/loose-envify-1.4.0.tgz#71ee51fa7be4caec1a63839f7e682d8132d30caf"
  integrity sha512-lyuxPGr/Wfhrlem2CL/UcnUc1zcqKAImBDzukY7Y5F/yQiNdko6+fRLevlw1HgMySw7f611UIY408EtxRSoK3Q==
  dependencies:
    js-tokens "^3.0.0 || ^4.0.0"

mdast-util-from-markdown@^2.0.0:
  version "2.0.0"
  resolved "https://registry.yarnpkg.com/mdast-util-from-markdown/-/mdast-util-from-markdown-2.0.0.tgz#52f14815ec291ed061f2922fd14d6689c810cb88"
  integrity sha512-n7MTOr/z+8NAX/wmhhDji8O3bRvPTV/U0oTCaZJkjhPSKTPhS3xufVhKGF8s1pJ7Ox4QgoIU7KHseh09S+9rTA==
  dependencies:
    "@types/mdast" "^4.0.0"
    "@types/unist" "^3.0.0"
    decode-named-character-reference "^1.0.0"
    devlop "^1.0.0"
    mdast-util-to-string "^4.0.0"
    micromark "^4.0.0"
    micromark-util-decode-numeric-character-reference "^2.0.0"
    micromark-util-decode-string "^2.0.0"
    micromark-util-normalize-identifier "^2.0.0"
    micromark-util-symbol "^2.0.0"
    micromark-util-types "^2.0.0"
    unist-util-stringify-position "^4.0.0"

mdast-util-to-hast@^13.0.0:
  version "13.0.2"
  resolved "https://registry.yarnpkg.com/mdast-util-to-hast/-/mdast-util-to-hast-13.0.2.tgz#74c0a9f014bb2340cae6118f6fccd75467792be7"
  integrity sha512-U5I+500EOOw9e3ZrclN3Is3fRpw8c19SMyNZlZ2IS+7vLsNzb2Om11VpIVOR+/0137GhZsFEF6YiKD5+0Hr2Og==
  dependencies:
    "@types/hast" "^3.0.0"
    "@types/mdast" "^4.0.0"
    "@ungap/structured-clone" "^1.0.0"
    devlop "^1.0.0"
    micromark-util-sanitize-uri "^2.0.0"
    trim-lines "^3.0.0"
    unist-util-position "^5.0.0"
    unist-util-visit "^5.0.0"

mdast-util-to-string@^4.0.0:
  version "4.0.0"
  resolved "https://registry.yarnpkg.com/mdast-util-to-string/-/mdast-util-to-string-4.0.0.tgz#7a5121475556a04e7eddeb67b264aae79d312814"
  integrity sha512-0H44vDimn51F0YwvxSJSm0eCDOJTRlmN0R1yBh4HLj9wiV1Dn0QoXGbvFAWj2hSItVTlCmBF1hqKlIyUBVFLPg==
  dependencies:
    "@types/mdast" "^4.0.0"

micromark-core-commonmark@^2.0.0:
  version "2.0.0"
  resolved "https://registry.yarnpkg.com/micromark-core-commonmark/-/micromark-core-commonmark-2.0.0.tgz#50740201f0ee78c12a675bf3e68ffebc0bf931a3"
  integrity sha512-jThOz/pVmAYUtkroV3D5c1osFXAMv9e0ypGDOIZuCeAe91/sD6BoE2Sjzt30yuXtwOYUmySOhMas/PVyh02itA==
  dependencies:
    decode-named-character-reference "^1.0.0"
    devlop "^1.0.0"
    micromark-factory-destination "^2.0.0"
    micromark-factory-label "^2.0.0"
    micromark-factory-space "^2.0.0"
    micromark-factory-title "^2.0.0"
    micromark-factory-whitespace "^2.0.0"
    micromark-util-character "^2.0.0"
    micromark-util-chunked "^2.0.0"
    micromark-util-classify-character "^2.0.0"
    micromark-util-html-tag-name "^2.0.0"
    micromark-util-normalize-identifier "^2.0.0"
    micromark-util-resolve-all "^2.0.0"
    micromark-util-subtokenize "^2.0.0"
    micromark-util-symbol "^2.0.0"
    micromark-util-types "^2.0.0"

micromark-factory-destination@^2.0.0:
  version "2.0.0"
  resolved "https://registry.yarnpkg.com/micromark-factory-destination/-/micromark-factory-destination-2.0.0.tgz#857c94debd2c873cba34e0445ab26b74f6a6ec07"
  integrity sha512-j9DGrQLm/Uhl2tCzcbLhy5kXsgkHUrjJHg4fFAeoMRwJmJerT9aw4FEhIbZStWN8A3qMwOp1uzHr4UL8AInxtA==
  dependencies:
    micromark-util-character "^2.0.0"
    micromark-util-symbol "^2.0.0"
    micromark-util-types "^2.0.0"

micromark-factory-label@^2.0.0:
  version "2.0.0"
  resolved "https://registry.yarnpkg.com/micromark-factory-label/-/micromark-factory-label-2.0.0.tgz#17c5c2e66ce39ad6f4fc4cbf40d972f9096f726a"
  integrity sha512-RR3i96ohZGde//4WSe/dJsxOX6vxIg9TimLAS3i4EhBAFx8Sm5SmqVfR8E87DPSR31nEAjZfbt91OMZWcNgdZw==
  dependencies:
    devlop "^1.0.0"
    micromark-util-character "^2.0.0"
    micromark-util-symbol "^2.0.0"
    micromark-util-types "^2.0.0"

micromark-factory-space@^2.0.0:
  version "2.0.0"
  resolved "https://registry.yarnpkg.com/micromark-factory-space/-/micromark-factory-space-2.0.0.tgz#5e7afd5929c23b96566d0e1ae018ae4fcf81d030"
  integrity sha512-TKr+LIDX2pkBJXFLzpyPyljzYK3MtmllMUMODTQJIUfDGncESaqB90db9IAUcz4AZAJFdd8U9zOp9ty1458rxg==
  dependencies:
    micromark-util-character "^2.0.0"
    micromark-util-types "^2.0.0"

micromark-factory-title@^2.0.0:
  version "2.0.0"
  resolved "https://registry.yarnpkg.com/micromark-factory-title/-/micromark-factory-title-2.0.0.tgz#726140fc77892af524705d689e1cf06c8a83ea95"
  integrity sha512-jY8CSxmpWLOxS+t8W+FG3Xigc0RDQA9bKMY/EwILvsesiRniiVMejYTE4wumNc2f4UbAa4WsHqe3J1QS1sli+A==
  dependencies:
    micromark-factory-space "^2.0.0"
    micromark-util-character "^2.0.0"
    micromark-util-symbol "^2.0.0"
    micromark-util-types "^2.0.0"

micromark-factory-whitespace@^2.0.0:
  version "2.0.0"
  resolved "https://registry.yarnpkg.com/micromark-factory-whitespace/-/micromark-factory-whitespace-2.0.0.tgz#9e92eb0f5468083381f923d9653632b3cfb5f763"
  integrity sha512-28kbwaBjc5yAI1XadbdPYHX/eDnqaUFVikLwrO7FDnKG7lpgxnvk/XGRhX/PN0mOZ+dBSZ+LgunHS+6tYQAzhA==
  dependencies:
    micromark-factory-space "^2.0.0"
    micromark-util-character "^2.0.0"
    micromark-util-symbol "^2.0.0"
    micromark-util-types "^2.0.0"

micromark-util-character@^2.0.0:
  version "2.0.1"
  resolved "https://registry.yarnpkg.com/micromark-util-character/-/micromark-util-character-2.0.1.tgz#52b824c2e2633b6fb33399d2ec78ee2a90d6b298"
  integrity sha512-3wgnrmEAJ4T+mGXAUfMvMAbxU9RDG43XmGce4j6CwPtVxB3vfwXSZ6KhFwDzZ3mZHhmPimMAXg71veiBGzeAZw==
  dependencies:
    micromark-util-symbol "^2.0.0"
    micromark-util-types "^2.0.0"

micromark-util-chunked@^2.0.0:
  version "2.0.0"
  resolved "https://registry.yarnpkg.com/micromark-util-chunked/-/micromark-util-chunked-2.0.0.tgz#e51f4db85fb203a79dbfef23fd41b2f03dc2ef89"
  integrity sha512-anK8SWmNphkXdaKgz5hJvGa7l00qmcaUQoMYsBwDlSKFKjc6gjGXPDw3FNL3Nbwq5L8gE+RCbGqTw49FK5Qyvg==
  dependencies:
    micromark-util-symbol "^2.0.0"

micromark-util-classify-character@^2.0.0:
  version "2.0.0"
  resolved "https://registry.yarnpkg.com/micromark-util-classify-character/-/micromark-util-classify-character-2.0.0.tgz#8c7537c20d0750b12df31f86e976d1d951165f34"
  integrity sha512-S0ze2R9GH+fu41FA7pbSqNWObo/kzwf8rN/+IGlW/4tC6oACOs8B++bh+i9bVyNnwCcuksbFwsBme5OCKXCwIw==
  dependencies:
    micromark-util-character "^2.0.0"
    micromark-util-symbol "^2.0.0"
    micromark-util-types "^2.0.0"

micromark-util-combine-extensions@^2.0.0:
  version "2.0.0"
  resolved "https://registry.yarnpkg.com/micromark-util-combine-extensions/-/micromark-util-combine-extensions-2.0.0.tgz#75d6ab65c58b7403616db8d6b31315013bfb7ee5"
  integrity sha512-vZZio48k7ON0fVS3CUgFatWHoKbbLTK/rT7pzpJ4Bjp5JjkZeasRfrS9wsBdDJK2cJLHMckXZdzPSSr1B8a4oQ==
  dependencies:
    micromark-util-chunked "^2.0.0"
    micromark-util-types "^2.0.0"

micromark-util-decode-numeric-character-reference@^2.0.0:
  version "2.0.0"
  resolved "https://registry.yarnpkg.com/micromark-util-decode-numeric-character-reference/-/micromark-util-decode-numeric-character-reference-2.0.0.tgz#a798808d02cc74113e2c939fc95363096ade7f1d"
  integrity sha512-pIgcsGxpHEtTG/rPJRz/HOLSqp5VTuIIjXlPI+6JSDlK2oljApusG6KzpS8AF0ENUMCHlC/IBb5B9xdFiVlm5Q==
  dependencies:
    micromark-util-symbol "^2.0.0"

micromark-util-decode-string@^2.0.0:
  version "2.0.0"
  resolved "https://registry.yarnpkg.com/micromark-util-decode-string/-/micromark-util-decode-string-2.0.0.tgz#7dfa3a63c45aecaa17824e656bcdb01f9737154a"
  integrity sha512-r4Sc6leeUTn3P6gk20aFMj2ntPwn6qpDZqWvYmAG6NgvFTIlj4WtrAudLi65qYoaGdXYViXYw2pkmn7QnIFasA==
  dependencies:
    decode-named-character-reference "^1.0.0"
    micromark-util-character "^2.0.0"
    micromark-util-decode-numeric-character-reference "^2.0.0"
    micromark-util-symbol "^2.0.0"

micromark-util-encode@^2.0.0:
  version "2.0.0"
  resolved "https://registry.yarnpkg.com/micromark-util-encode/-/micromark-util-encode-2.0.0.tgz#0921ac7953dc3f1fd281e3d1932decfdb9382ab1"
  integrity sha512-pS+ROfCXAGLWCOc8egcBvT0kf27GoWMqtdarNfDcjb6YLuV5cM3ioG45Ys2qOVqeqSbjaKg72vU+Wby3eddPsA==

micromark-util-html-tag-name@^2.0.0:
  version "2.0.0"
  resolved "https://registry.yarnpkg.com/micromark-util-html-tag-name/-/micromark-util-html-tag-name-2.0.0.tgz#ae34b01cbe063363847670284c6255bb12138ec4"
  integrity sha512-xNn4Pqkj2puRhKdKTm8t1YHC/BAjx6CEwRFXntTaRf/x16aqka6ouVoutm+QdkISTlT7e2zU7U4ZdlDLJd2Mcw==

micromark-util-normalize-identifier@^2.0.0:
  version "2.0.0"
  resolved "https://registry.yarnpkg.com/micromark-util-normalize-identifier/-/micromark-util-normalize-identifier-2.0.0.tgz#91f9a4e65fe66cc80c53b35b0254ad67aa431d8b"
  integrity sha512-2xhYT0sfo85FMrUPtHcPo2rrp1lwbDEEzpx7jiH2xXJLqBuy4H0GgXk5ToU8IEwoROtXuL8ND0ttVa4rNqYK3w==
  dependencies:
    micromark-util-symbol "^2.0.0"

micromark-util-resolve-all@^2.0.0:
  version "2.0.0"
  resolved "https://registry.yarnpkg.com/micromark-util-resolve-all/-/micromark-util-resolve-all-2.0.0.tgz#189656e7e1a53d0c86a38a652b284a252389f364"
  integrity sha512-6KU6qO7DZ7GJkaCgwBNtplXCvGkJToU86ybBAUdavvgsCiG8lSSvYxr9MhwmQ+udpzywHsl4RpGJsYWG1pDOcA==
  dependencies:
    micromark-util-types "^2.0.0"

micromark-util-sanitize-uri@^2.0.0:
  version "2.0.0"
  resolved "https://registry.yarnpkg.com/micromark-util-sanitize-uri/-/micromark-util-sanitize-uri-2.0.0.tgz#ec8fbf0258e9e6d8f13d9e4770f9be64342673de"
  integrity sha512-WhYv5UEcZrbAtlsnPuChHUAsu/iBPOVaEVsntLBIdpibO0ddy8OzavZz3iL2xVvBZOpolujSliP65Kq0/7KIYw==
  dependencies:
    micromark-util-character "^2.0.0"
    micromark-util-encode "^2.0.0"
    micromark-util-symbol "^2.0.0"

micromark-util-subtokenize@^2.0.0:
  version "2.0.0"
  resolved "https://registry.yarnpkg.com/micromark-util-subtokenize/-/micromark-util-subtokenize-2.0.0.tgz#9f412442d77e0c5789ffdf42377fa8a2bcbdf581"
  integrity sha512-vc93L1t+gpR3p8jxeVdaYlbV2jTYteDje19rNSS/H5dlhxUYll5Fy6vJ2cDwP8RnsXi818yGty1ayP55y3W6fg==
  dependencies:
    devlop "^1.0.0"
    micromark-util-chunked "^2.0.0"
    micromark-util-symbol "^2.0.0"
    micromark-util-types "^2.0.0"

micromark-util-symbol@^2.0.0:
  version "2.0.0"
  resolved "https://registry.yarnpkg.com/micromark-util-symbol/-/micromark-util-symbol-2.0.0.tgz#12225c8f95edf8b17254e47080ce0862d5db8044"
  integrity sha512-8JZt9ElZ5kyTnO94muPxIGS8oyElRJaiJO8EzV6ZSyGQ1Is8xwl4Q45qU5UOg+bGH4AikWziz0iN4sFLWs8PGw==

micromark-util-types@^2.0.0:
  version "2.0.0"
  resolved "https://registry.yarnpkg.com/micromark-util-types/-/micromark-util-types-2.0.0.tgz#63b4b7ffeb35d3ecf50d1ca20e68fc7caa36d95e"
  integrity sha512-oNh6S2WMHWRZrmutsRmDDfkzKtxF+bc2VxLC9dvtrDIRFln627VsFP6fLMgTryGDljgLPjkrzQSDcPrjPyDJ5w==

micromark@^4.0.0:
  version "4.0.0"
  resolved "https://registry.yarnpkg.com/micromark/-/micromark-4.0.0.tgz#84746a249ebd904d9658cfabc1e8e5f32cbc6249"
  integrity sha512-o/sd0nMof8kYff+TqcDx3VSrgBTcZpSvYcAHIfHhv5VAuNmisCxjhx6YmxS8PFEpb9z5WKWKPdzf0jM23ro3RQ==
  dependencies:
    "@types/debug" "^4.0.0"
    debug "^4.0.0"
    decode-named-character-reference "^1.0.0"
    devlop "^1.0.0"
    micromark-core-commonmark "^2.0.0"
    micromark-factory-space "^2.0.0"
    micromark-util-character "^2.0.0"
    micromark-util-chunked "^2.0.0"
    micromark-util-combine-extensions "^2.0.0"
    micromark-util-decode-numeric-character-reference "^2.0.0"
    micromark-util-encode "^2.0.0"
    micromark-util-normalize-identifier "^2.0.0"
    micromark-util-resolve-all "^2.0.0"
    micromark-util-sanitize-uri "^2.0.0"
    micromark-util-subtokenize "^2.0.0"
    micromark-util-symbol "^2.0.0"
    micromark-util-types "^2.0.0"

ms@2.0.0:
  version "2.0.0"
  resolved "https://registry.yarnpkg.com/ms/-/ms-2.0.0.tgz#5608aeadfc00be6c2901df5f9861788de0d597c8"
  integrity sha512-Tpp60P6IUJDTuOq/5Z8cdskzJujfwqfOTkrwIwj7IRISpnkJnT6SyJ4PCPnGMoFjC9ddhal5KVIYtAt97ix05A==

ms@2.1.2:
  version "2.1.2"
  resolved "https://registry.yarnpkg.com/ms/-/ms-2.1.2.tgz#d09d1f357b443f493382a8eb3ccd183872ae6009"
  integrity sha512-sGkPx+VjMtmA6MX27oA4FBFELFCZZ4S4XqeGOXCv68tT+jb3vk/RyaKWP0PTKyWtmLSM0b+adUTEvbs1PEaH2w==

nanoid@^3.3.4:
  version "3.3.6"
  resolved "https://registry.yarnpkg.com/nanoid/-/nanoid-3.3.6.tgz#443380c856d6e9f9824267d960b4236ad583ea4c"
  integrity sha512-BGcqMMJuToF7i1rt+2PWSNVnWIkGCU78jBG3RxO/bZlnZPK2Cmi2QaffxGO/2RvWi9sL+FAiRiXMgsyxQ1DIDA==

next-tick@^1.1.0:
  version "1.1.0"
  resolved "https://registry.yarnpkg.com/next-tick/-/next-tick-1.1.0.tgz#1836ee30ad56d67ef281b22bd199f709449b35eb"
  integrity sha512-CXdUiJembsNjuToQvxayPZF9Vqht7hewsvy2sOWafLvi2awflj9mOC6bHIg50orX8IJvWKY9wYQ/zB2kogPslQ==

next@13.4.4:
  version "13.4.4"
  resolved "https://registry.yarnpkg.com/next/-/next-13.4.4.tgz#d1027c8d77f4c51be0b39f671b4820db03c93e60"
  integrity sha512-C5S0ysM0Ily9McL4Jb48nOQHT1BukOWI59uC3X/xCMlYIh9rJZCv7nzG92J6e1cOBqQbKovlpgvHWFmz4eKKEA==
  dependencies:
    "@next/env" "13.4.4"
    "@swc/helpers" "0.5.1"
    busboy "1.6.0"
    caniuse-lite "^1.0.30001406"
    postcss "8.4.14"
    styled-jsx "5.1.1"
    zod "3.21.4"
  optionalDependencies:
    "@next/swc-darwin-arm64" "13.4.4"
    "@next/swc-darwin-x64" "13.4.4"
    "@next/swc-linux-arm64-gnu" "13.4.4"
    "@next/swc-linux-arm64-musl" "13.4.4"
    "@next/swc-linux-x64-gnu" "13.4.4"
    "@next/swc-linux-x64-musl" "13.4.4"
    "@next/swc-win32-arm64-msvc" "13.4.4"
    "@next/swc-win32-ia32-msvc" "13.4.4"
    "@next/swc-win32-x64-msvc" "13.4.4"

node-fetch@^2.6.11:
  version "2.6.11"
  resolved "https://registry.yarnpkg.com/node-fetch/-/node-fetch-2.6.11.tgz#cde7fc71deef3131ef80a738919f999e6edfff25"
  integrity sha512-4I6pdBY1EthSqDmJkiNk3JIT8cswwR9nfeW/cPdUagJYEQG7R95WRH74wpz7ma8Gh/9dI9FP+OU+0E4FvtA55w==
  dependencies:
    whatwg-url "^5.0.0"

node-gyp-build@^4.3.0:
  version "4.6.0"
  resolved "https://registry.yarnpkg.com/node-gyp-build/-/node-gyp-build-4.6.0.tgz#0c52e4cbf54bbd28b709820ef7b6a3c2d6209055"
  integrity sha512-NTZVKn9IylLwUzaKjkas1e4u2DLNcV4rdYagA4PWdPwW87Bi7z+BznyKSRwS/761tV/lzCGXplWsiaMjLqP2zQ==

picocolors@^1.0.0:
  version "1.0.0"
  resolved "https://registry.yarnpkg.com/picocolors/-/picocolors-1.0.0.tgz#cb5bdc74ff3f51892236eaf79d68bc44564ab81c"
  integrity sha512-1fygroTLlHu66zi26VoTDv8yRgm0Fccecssto+MhsZ0D/DGW2sm8E8AjW7NU5VVTRt5GxbeZ5qBuJr+HyLYkjQ==

postcss@8.4.14:
  version "8.4.14"
  resolved "https://registry.yarnpkg.com/postcss/-/postcss-8.4.14.tgz#ee9274d5622b4858c1007a74d76e42e56fd21caf"
  integrity sha512-E398TUmfAYFPBSdzgeieK2Y1+1cpdxJx8yXbK/m57nRhKSmk1GB2tO4lbLBtlkfPQTDKfe4Xqv1ASWPpayPEig==
  dependencies:
    nanoid "^3.3.4"
    picocolors "^1.0.0"
    source-map-js "^1.0.2"

property-information@^6.0.0:
  version "6.3.0"
  resolved "https://registry.yarnpkg.com/property-information/-/property-information-6.3.0.tgz#ba4a06ec6b4e1e90577df9931286953cdf4282c3"
  integrity sha512-gVNZ74nqhRMiIUYWGQdosYetaKc83x8oT41a0LlV3AAFCAZwCpg4vmGkq8t34+cUhp3cnM4XDiU/7xlgK7HGrg==

react-dom@18.2.0:
  version "18.2.0"
  resolved "https://registry.yarnpkg.com/react-dom/-/react-dom-18.2.0.tgz#22aaf38708db2674ed9ada224ca4aa708d821e3d"
  integrity sha512-6IMTriUmvsjHUjNtEDudZfuDQUoWXVxKHhlEGSk81n4YFS+r/Kl99wXiwlVXtPBtJenozv2P+hxDsw9eA7Xo6g==
  dependencies:
    loose-envify "^1.1.0"
    scheduler "^0.23.0"

react-markdown@^9.0.0:
  version "9.0.0"
  resolved "https://registry.yarnpkg.com/react-markdown/-/react-markdown-9.0.0.tgz#7a41bde9e1b0b1d6911f6f9f8c3cdb4a3e9f9328"
  integrity sha512-v6yNf3AB8GfJ8lCpUvzxAXKxgsHpdmWPlcVRQ6Nocsezp255E/IDrF31kLQsPJeB/cKto/geUwjU36wH784FCA==
  dependencies:
    "@types/hast" "^3.0.0"
    devlop "^1.0.0"
    hast-util-to-jsx-runtime "^2.0.0"
    html-url-attributes "^3.0.0"
    mdast-util-to-hast "^13.0.0"
    micromark-util-sanitize-uri "^2.0.0"
    remark-parse "^11.0.0"
    remark-rehype "^11.0.0"
    unified "^11.0.0"
    unist-util-visit "^5.0.0"
    vfile "^6.0.0"

react@18.2.0:
  version "18.2.0"
  resolved "https://registry.yarnpkg.com/react/-/react-18.2.0.tgz#555bd98592883255fa00de14f1151a917b5d77d5"
  integrity sha512-/3IjMdb2L9QbBdWiW5e3P2/npwMBaU9mHCSCUzNln0ZCYbcfTsGbTJrU/kGemdH2IWmB2ioZ+zkxtmq6g09fGQ==
  dependencies:
    loose-envify "^1.1.0"

remark-parse@^11.0.0:
  version "11.0.0"
  resolved "https://registry.yarnpkg.com/remark-parse/-/remark-parse-11.0.0.tgz#aa60743fcb37ebf6b069204eb4da304e40db45a1"
  integrity sha512-FCxlKLNGknS5ba/1lmpYijMUzX2esxW5xQqjWxw2eHFfS2MSdaHVINFmhjo+qN1WhZhNimq0dZATN9pH0IDrpA==
  dependencies:
    "@types/mdast" "^4.0.0"
    mdast-util-from-markdown "^2.0.0"
    micromark-util-types "^2.0.0"
    unified "^11.0.0"

remark-rehype@^11.0.0:
  version "11.0.0"
  resolved "https://registry.yarnpkg.com/remark-rehype/-/remark-rehype-11.0.0.tgz#7f21c08738bde024be5f16e4a8b13e5d7a04cf6b"
  integrity sha512-vx8x2MDMcxuE4lBmQ46zYUDfcFMmvg80WYX+UNLeG6ixjdCCLcw1lrgAukwBTuOFsS78eoAedHGn9sNM0w7TPw==
  dependencies:
    "@types/hast" "^3.0.0"
    "@types/mdast" "^4.0.0"
    mdast-util-to-hast "^13.0.0"
    unified "^11.0.0"
    vfile "^6.0.0"

scheduler@^0.23.0:
  version "0.23.0"
  resolved "https://registry.yarnpkg.com/scheduler/-/scheduler-0.23.0.tgz#ba8041afc3d30eb206a487b6b384002e4e61fdfe"
  integrity sha512-CtuThmgHNg7zIZWAXi3AsyIzA3n4xx7aNyjwC2VJldO2LMVDhFK+63xGqq6CsJH4rTAt6/M+N4GhZiDYPx9eUw==
  dependencies:
    loose-envify "^1.1.0"

source-map-js@^1.0.2:
  version "1.0.2"
  resolved "https://registry.yarnpkg.com/source-map-js/-/source-map-js-1.0.2.tgz#adbc361d9c62df380125e7f161f71c826f1e490c"
  integrity sha512-R0XvVJ9WusLiqTCEiGCmICCMplcCkIwwR11mOSD9CR5u+IXYdiseeEuXCVAjS54zqwkLcPNnmU4OeJ6tUrWhDw==

space-separated-tokens@^2.0.0:
  version "2.0.2"
  resolved "https://registry.yarnpkg.com/space-separated-tokens/-/space-separated-tokens-2.0.2.tgz#1ecd9d2350a3844572c3f4a312bceb018348859f"
  integrity sha512-PEGlAwrG8yXGXRjW32fGbg66JAlOAwbObuqVoJpv/mRgoWDQfgH1wDPvtzWyUSNAXBGSk8h755YDbbcEy3SH2Q==

streamsearch@^1.1.0:
  version "1.1.0"
  resolved "https://registry.yarnpkg.com/streamsearch/-/streamsearch-1.1.0.tgz#404dd1e2247ca94af554e841a8ef0eaa238da764"
  integrity sha512-Mcc5wHehp9aXz1ax6bZUyY5afg9u2rv5cqQI3mRrYkGC8rW2hM02jWuwjtL++LS5qinSyhj2QfLyNsuc+VsExg==

style-to-object@^0.4.0:
  version "0.4.2"
  resolved "https://registry.yarnpkg.com/style-to-object/-/style-to-object-0.4.2.tgz#a8247057111dea8bd3b8a1a66d2d0c9cf9218a54"
  integrity sha512-1JGpfPB3lo42ZX8cuPrheZbfQ6kqPPnPHlKMyeRYtfKD+0jG+QsXgXN57O/dvJlzlB2elI6dGmrPnl5VPQFPaA==
  dependencies:
    inline-style-parser "0.1.1"

styled-jsx@5.1.1:
  version "5.1.1"
  resolved "https://registry.yarnpkg.com/styled-jsx/-/styled-jsx-5.1.1.tgz#839a1c3aaacc4e735fed0781b8619ea5d0009d1f"
  integrity sha512-pW7uC1l4mBZ8ugbiZrcIsiIvVx1UmTfw7UkC3Um2tmfUq9Bhk8IiyEIPl6F8agHgjzku6j0xQEZbfA5uSgSaCw==
  dependencies:
    client-only "0.0.1"

tr46@~0.0.3:
  version "0.0.3"
  resolved "https://registry.yarnpkg.com/tr46/-/tr46-0.0.3.tgz#8184fd347dac9cdc185992f3a6622e14b9d9ab6a"
  integrity sha512-N3WMsuqV66lT30CrXNbEjx4GEwlow3v6rr4mCcv6prnfwhS01rkgyFdjPNBYd9br7LpXV1+Emh01fHnq2Gdgrw==

trim-lines@^3.0.0:
  version "3.0.1"
  resolved "https://registry.yarnpkg.com/trim-lines/-/trim-lines-3.0.1.tgz#d802e332a07df861c48802c04321017b1bd87338"
  integrity sha512-kRj8B+YHZCc9kQYdWfJB2/oUl9rA99qbowYYBtr4ui4mZyAQ2JpvVBd/6U2YloATfqBhBTSMhTpgBHtU0Mf3Rg==

trough@^2.0.0:
  version "2.1.0"
  resolved "https://registry.yarnpkg.com/trough/-/trough-2.1.0.tgz#0f7b511a4fde65a46f18477ab38849b22c554876"
  integrity sha512-AqTiAOLcj85xS7vQ8QkAV41hPDIJ71XJB4RCUrzo/1GM2CQwhkJGaf9Hgr7BOugMRpgGUrqRg/DrBDl4H40+8g==

tslib@^2.4.0:
  version "2.5.3"
  resolved "https://registry.yarnpkg.com/tslib/-/tslib-2.5.3.tgz#24944ba2d990940e6e982c4bea147aba80209913"
  integrity sha512-mSxlJJwl3BMEQCUNnxXBU9jP4JBktcEGhURcPR6VQVlnP0FdDEsIaz0C35dXNGLyRfrATNofF0F5p2KPxQgB+w==

type@^1.0.1:
  version "1.2.0"
  resolved "https://registry.yarnpkg.com/type/-/type-1.2.0.tgz#848dd7698dafa3e54a6c479e759c4bc3f18847a0"
  integrity sha512-+5nt5AAniqsCnu2cEQQdpzCAh33kVx8n0VoFidKpB1dVVLAN/F+bgVOqOJqOnEnrhp222clB5p3vUlD+1QAnfg==

type@^2.7.2:
  version "2.7.2"
  resolved "https://registry.yarnpkg.com/type/-/type-2.7.2.tgz#2376a15a3a28b1efa0f5350dcf72d24df6ef98d0"
  integrity sha512-dzlvlNlt6AXU7EBSfpAscydQ7gXB+pPGsPnfJnZpiNJBDj7IaJzQlBZYGdEi4R9HmPdBv2XmWJ6YUtoTa7lmCw==

typedarray-to-buffer@^3.1.5:
  version "3.1.5"
  resolved "https://registry.yarnpkg.com/typedarray-to-buffer/-/typedarray-to-buffer-3.1.5.tgz#a97ee7a9ff42691b9f783ff1bc5112fe3fca9080"
  integrity sha512-zdu8XMNEDepKKR+XYOXAVPtWui0ly0NtohUscw+UmaHiAWT8hrV1rr//H6V+0DvJ3OQ19S979M0laLfX8rm82Q==
  dependencies:
    is-typedarray "^1.0.0"

typescript@5.1.3:
  version "5.1.3"
  resolved "https://registry.yarnpkg.com/typescript/-/typescript-5.1.3.tgz#8d84219244a6b40b6fb2b33cc1c062f715b9e826"
  integrity sha512-XH627E9vkeqhlZFQuL+UsyAXEnibT0kWR2FWONlr4sTjvxyJYnyefgrkyECLzM5NenmKzRAy2rR/OlYLA1HkZw==

unified@^11.0.0:
  version "11.0.3"
  resolved "https://registry.yarnpkg.com/unified/-/unified-11.0.3.tgz#e141be0fe466a2d28b2160f62712bc9cbc08fdd4"
  integrity sha512-jlCV402P+YDcFcB2VcN/n8JasOddqIiaxv118wNBoZXEhOn+lYG7BR4Bfg2BwxvlK58dwbuH2w7GX2esAjL6Mg==
  dependencies:
    "@types/unist" "^3.0.0"
    bail "^2.0.0"
    devlop "^1.0.0"
    extend "^3.0.0"
    is-plain-obj "^4.0.0"
    trough "^2.0.0"
    vfile "^6.0.0"

unist-util-is@^6.0.0:
  version "6.0.0"
  resolved "https://registry.yarnpkg.com/unist-util-is/-/unist-util-is-6.0.0.tgz#b775956486aff107a9ded971d996c173374be424"
  integrity sha512-2qCTHimwdxLfz+YzdGfkqNlH0tLi9xjTnHddPmJwtIG9MGsdbutfTc4P+haPD7l7Cjxf/WZj+we5qfVPvvxfYw==
  dependencies:
    "@types/unist" "^3.0.0"

unist-util-position@^5.0.0:
  version "5.0.0"
  resolved "https://registry.yarnpkg.com/unist-util-position/-/unist-util-position-5.0.0.tgz#678f20ab5ca1207a97d7ea8a388373c9cf896be4"
  integrity sha512-fucsC7HjXvkB5R3kTCO7kUjRdrS0BJt3M/FPxmHMBOm8JQi2BsHAHFsy27E0EolP8rp0NzXsJ+jNPyDWvOJZPA==
  dependencies:
    "@types/unist" "^3.0.0"

unist-util-stringify-position@^4.0.0:
  version "4.0.0"
  resolved "https://registry.yarnpkg.com/unist-util-stringify-position/-/unist-util-stringify-position-4.0.0.tgz#449c6e21a880e0855bf5aabadeb3a740314abac2"
  integrity sha512-0ASV06AAoKCDkS2+xw5RXJywruurpbC4JZSm7nr7MOt1ojAzvyyaO+UxZf18j8FCF6kmzCZKcAgN/yu2gm2XgQ==
  dependencies:
    "@types/unist" "^3.0.0"

unist-util-visit-parents@^6.0.0:
  version "6.0.1"
  resolved "https://registry.yarnpkg.com/unist-util-visit-parents/-/unist-util-visit-parents-6.0.1.tgz#4d5f85755c3b8f0dc69e21eca5d6d82d22162815"
  integrity sha512-L/PqWzfTP9lzzEa6CKs0k2nARxTdZduw3zyh8d2NVBnsyvHjSX4TWse388YrrQKbvI8w20fGjGlhgT96WwKykw==
  dependencies:
    "@types/unist" "^3.0.0"
    unist-util-is "^6.0.0"

unist-util-visit@^5.0.0:
  version "5.0.0"
  resolved "https://registry.yarnpkg.com/unist-util-visit/-/unist-util-visit-5.0.0.tgz#a7de1f31f72ffd3519ea71814cccf5fd6a9217d6"
  integrity sha512-MR04uvD+07cwl/yhVuVWAtw+3GOR/knlL55Nd/wAdblk27GCVt3lqpTivy/tkJcZoNPzTwS1Y+KMojlLDhoTzg==
  dependencies:
    "@types/unist" "^3.0.0"
    unist-util-is "^6.0.0"
    unist-util-visit-parents "^6.0.0"

utf-8-validate@^5.0.2:
  version "5.0.10"
  resolved "https://registry.yarnpkg.com/utf-8-validate/-/utf-8-validate-5.0.10.tgz#d7d10ea39318171ca982718b6b96a8d2442571a2"
  integrity sha512-Z6czzLq4u8fPOyx7TU6X3dvUZVvoJmxSQ+IcrlmagKhilxlhZgxPK6C5Jqbkw1IDUmFTM+cz9QDnnLTwDz/2gQ==
  dependencies:
    node-gyp-build "^4.3.0"

vfile-message@^4.0.0:
  version "4.0.2"
  resolved "https://registry.yarnpkg.com/vfile-message/-/vfile-message-4.0.2.tgz#c883c9f677c72c166362fd635f21fc165a7d1181"
  integrity sha512-jRDZ1IMLttGj41KcZvlrYAaI3CfqpLpfpf+Mfig13viT6NKvRzWZ+lXz0Y5D60w6uJIBAOGq9mSHf0gktF0duw==
  dependencies:
    "@types/unist" "^3.0.0"
    unist-util-stringify-position "^4.0.0"

vfile@^6.0.0:
  version "6.0.1"
  resolved "https://registry.yarnpkg.com/vfile/-/vfile-6.0.1.tgz#1e8327f41eac91947d4fe9d237a2dd9209762536"
  integrity sha512-1bYqc7pt6NIADBJ98UiG0Bn/CHIVOoZ/IyEkqIruLg0mE1BKzkOXY2D6CSqQIcKqgadppE5lrxgWXJmXd7zZJw==
  dependencies:
    "@types/unist" "^3.0.0"
    unist-util-stringify-position "^4.0.0"
    vfile-message "^4.0.0"

webidl-conversions@^3.0.0:
  version "3.0.1"
  resolved "https://registry.yarnpkg.com/webidl-conversions/-/webidl-conversions-3.0.1.tgz#24534275e2a7bc6be7bc86611cc16ae0a5654871"
  integrity sha512-2JAn3z8AR6rjK8Sm8orRC0h/bcl/DqL7tRPdGZ4I1CjdF+EaMLmYxBHyXuKL849eucPFhvBoxMsflfOb8kxaeQ==

websocket@^1.0.34:
  version "1.0.34"
  resolved "https://registry.yarnpkg.com/websocket/-/websocket-1.0.34.tgz#2bdc2602c08bf2c82253b730655c0ef7dcab3111"
  integrity sha512-PRDso2sGwF6kM75QykIesBijKSVceR6jL2G8NGYyq2XrItNC2P5/qL5XeR056GhA+Ly7JMFvJb9I312mJfmqnQ==
  dependencies:
    bufferutil "^4.0.1"
    debug "^2.2.0"
    es5-ext "^0.10.50"
    typedarray-to-buffer "^3.1.5"
    utf-8-validate "^5.0.2"
    yaeti "^0.0.6"

whatwg-url@^5.0.0:
  version "5.0.0"
  resolved "https://registry.yarnpkg.com/whatwg-url/-/whatwg-url-5.0.0.tgz#966454e8765462e37644d3626f6742ce8b70965d"
  integrity sha512-saE57nupxk6v3HY35+jzBwYa0rKSy0XR8JSxZPwgLr7ys0IBzhGviA1/TUGJLmSVqs8pb9AnvICXEuOHLprYTw==
  dependencies:
    tr46 "~0.0.3"
    webidl-conversions "^3.0.0"

yaeti@^0.0.6:
  version "0.0.6"
  resolved "https://registry.yarnpkg.com/yaeti/-/yaeti-0.0.6.tgz#f26f484d72684cf42bedfb76970aa1608fbf9577"
  integrity sha512-MvQa//+KcZCUkBTIC9blM+CU9J2GzuTytsOUwf2lidtvkx/6gnEp1QvJv34t9vdjhFmha/mUiNDbN0D0mJWdug==

zod@3.21.4:
  version "3.21.4"
  resolved "https://registry.yarnpkg.com/zod/-/zod-3.21.4.tgz#10882231d992519f0a10b5dd58a38c9dabbb64db"
  integrity sha512-m46AKbrzKVzOzs/DZgVnG5H55N1sv1M8qZU3A8RIKbs3mrACDNeIOeilDymVb2HdmP8uwshOCF4uJ8uM9rCqJw==
